{
  "version": "5",
  "specifiers": {
    "jsr:@raptor/framework@*": "0.13.0",
    "jsr:@std/assert@^1.0.16": "1.0.16",
    "jsr:@std/internal@^1.0.12": "1.0.12"
  },
  "jsr": {
    "@raptor/framework@0.13.0": {
      "integrity": "d43bc0233a98de6f45a29bf9541f9664d8de651fee4f09e44d0e8c956361dc56"
    },
    "@std/assert@1.0.16": {
      "integrity": "6a7272ed1eaa77defe76e5ff63ca705d9c495077e2d5fd0126d2b53fc5bd6532",
      "dependencies": [
        "jsr:@std/internal"
      ]
    },
    "@std/internal@1.0.12": {
      "integrity": "972a634fd5bc34b242024402972cd5143eac68d8dffaca5eaa4dba30ce17b027"
    }
  },
  "workspace": {
    "dependencies": [
      "jsr:@raptor/framework@*",
      "jsr:@std/assert@^1.0.16"
    ]
  }
}
